// !$*UTF8*$!
{
	archiveVersion = 1;
	classes = {
	};
	objectVersion = 46;
	objects = {

/* Begin PBXBuildFile section */
		2B756ACC19B73EC800683407 /* main.c in Sources */ = {isa = PBXBuildFile; fileRef = 2B756ACB19B73EC800683407 /* main.c */; };
		2B756ACE19B73EC800683407 /* GetMetadataForFile.m in Sources */ = {isa = PBXBuildFile; fileRef = 2B756ACD19B73EC800683407 /* GetMetadataForFile.m */; };
		2B756AD119B73EC800683407 /* MySpotlightImporter.m in Sources */ = {isa = PBXBuildFile; fileRef = 2B756AD019B73EC800683407 /* MySpotlightImporter.m */; };
/* End PBXBuildFile section */

/* Begin PBXFileReference section */
		2B756AC619B73EC800683407 /* OMESpotlightImporter.mdimporter */ = {isa = PBXFileReference; explicitFileType = "wrapper.spotlight-importer"; includeInIndex = 0; path = OMESpotlightImporter.mdimporter; sourceTree = BUILT_PRODUCTS_DIR; };
		2B756ACA19B73EC800683407 /* Info.plist */ = {isa = PBXFileReference; lastKnownFileType = text.plist.xml; path = Info.plist; sourceTree = "<group>"; };
		2B756ACB19B73EC800683407 /* main.c */ = {isa = PBXFileReference; lastKnownFileType = sourcecode.c.c; path = main.c; sourceTree = "<group>"; };
		2B756ACD19B73EC800683407 /* GetMetadataForFile.m */ = {isa = PBXFileReference; lastKnownFileType = sourcecode.c.objc; path = GetMetadataForFile.m; sourceTree = "<group>"; };
		2B756ACF19B73EC800683407 /* MySpotlightImporter.h */ = {isa = PBXFileReference; lastKnownFileType = sourcecode.c.h; path = MySpotlightImporter.h; sourceTree = "<group>"; };
		2B756AD019B73EC800683407 /* MySpotlightImporter.m */ = {isa = PBXFileReference; lastKnownFileType = sourcecode.c.objc; path = MySpotlightImporter.m; sourceTree = "<group>"; };
		2B756AD219B73EC800683407 /* Importer Read Me.txt */ = {isa = PBXFileReference; lastKnownFileType = text; path = "Importer Read Me.txt"; sourceTree = "<group>"; };
/* End PBXFileReference section */

/* Begin PBXFrameworksBuildPhase section */
		2B756AC319B73EC800683407 /* Frameworks */ = {
			isa = PBXFrameworksBuildPhase;
			buildActionMask = 2147483647;
			files = (
			);
			runOnlyForDeploymentPostprocessing = 0;
		};
/* End PBXFrameworksBuildPhase section */

/* Begin PBXGroup section */
		2B756ABD19B73EC800683407 = {
			isa = PBXGroup;
			children = (
				2B756AC819B73EC800683407 /* OMESpotlightImporter */,
				2B756AC719B73EC800683407 /* Products */,
			);
			sourceTree = "<group>";
		};
		2B756AC719B73EC800683407 /* Products */ = {
			isa = PBXGroup;
			children = (
				2B756AC619B73EC800683407 /* OMESpotlightImporter.mdimporter */,
			);
			name = Products;
			sourceTree = "<group>";
		};
		2B756AC819B73EC800683407 /* OMESpotlightImporter */ = {
			isa = PBXGroup;
			children = (
				2B756ACD19B73EC800683407 /* GetMetadataForFile.m */,
				2B756ACF19B73EC800683407 /* MySpotlightImporter.h */,
				2B756AD019B73EC800683407 /* MySpotlightImporter.m */,
				2B756AD219B73EC800683407 /* Importer Read Me.txt */,
				2B756AC919B73EC800683407 /* Supporting Files */,
			);
			path = OMESpotlightImporter;
			sourceTree = "<group>";
		};
		2B756AC919B73EC800683407 /* Supporting Files */ = {
			isa = PBXGroup;
			children = (
				2B756ACA19B73EC800683407 /* Info.plist */,
				2B756ACB19B73EC800683407 /* main.c */,
			);
			name = "Supporting Files";
			sourceTree = "<group>";
		};
/* End PBXGroup section */

/* Begin PBXNativeTarget section */
		2B756AC519B73EC800683407 /* OMESpotlightImporter */ = {
			isa = PBXNativeTarget;
			buildConfigurationList = 2B756AD519B73EC800683407 /* Build configuration list for PBXNativeTarget "OMESpotlightImporter" */;
			buildPhases = (
				2B756AC219B73EC800683407 /* Sources */,
				2B756AC319B73EC800683407 /* Frameworks */,
				2B756AC419B73EC800683407 /* Resources */,
			);
			buildRules = (
			);
			dependencies = (
			);
			name = OMESpotlightImporter;
			productName = OMESpotlightImporter;
			productReference = 2B756AC619B73EC800683407 /* OMESpotlightImporter.mdimporter */;
			productType = "com.apple.product-type.spotlight-importer";
		};
/* End PBXNativeTarget section */

/* Begin PBXProject section */
		2B756ABE19B73EC800683407 /* Project object */ = {
			isa = PBXProject;
			attributes = {
				LastUpgradeCheck = 0600;
				ORGANIZATIONNAME = msyk.net;
				TargetAttributes = {
					2B756AC519B73EC800683407 = {
						CreatedOnToolsVersion = 6.0;
					};
				};
			};
			buildConfigurationList = 2B756AC119B73EC800683407 /* Build configuration list for PBXProject "OMESpotlightImporter" */;
			compatibilityVersion = "Xcode 3.2";
			developmentRegion = English;
			hasScannedForEncodings = 0;
			knownRegions = (
				en,
			);
			mainGroup = 2B756ABD19B73EC800683407;
			productRefGroup = 2B756AC719B73EC800683407 /* Products */;
			projectDirPath = "";
			projectRoot = "";
			targets = (
				2B756AC519B73EC800683407 /* OMESpotlightImporter */,
			);
		};
/* End PBXProject section */

/* Begin PBXResourcesBuildPhase section */
		2B756AC419B73EC800683407 /* Resources */ = {
			isa = PBXResourcesBuildPhase;
			buildActionMask = 2147483647;
			files = (
			);
			runOnlyForDeploymentPostprocessing = 0;
		};
/* End PBXResourcesBuildPhase section */

/* Begin PBXSourcesBuildPhase section */
		2B756AC219B73EC800683407 /* Sources */ = {
			isa = PBXSourcesBuildPhase;
			buildActionMask = 2147483647;
			files = (
				2B756AD119B73EC800683407 /* MySpotlightImporter.m in Sources */,
				2B756ACC19B73EC800683407 /* main.c in Sources */,
				2B756ACE19B73EC800683407 /* GetMetadataForFile.m in Sources */,
			);
			runOnlyForDeploymentPostprocessing = 0;
		};
/* End PBXSourcesBuildPhase section */

/* Begin XCBuildConfiguration section */
		2B756AD319B73EC800683407 /* Debug */ = {
			isa = XCBuildConfiguration;
			buildSettings = {
				ALWAYS_SEARCH_USER_PATHS = NO;
				CLANG_CXX_LANGUAGE_STANDARD = "gnu++0x";
				CLANG_CXX_LIBRARY = "libc++";
				CLANG_ENABLE_MODULES = YES;
				CLANG_ENABLE_OBJC_ARC = YES;
				CLANG_WARN_BOOL_CONVERSION = YES;
				CLANG_WARN_CONSTANT_CONVERSION = YES;
				CLANG_WARN_DIRECT_OBJC_ISA_USAGE = YES_ERROR;
				CLANG_WARN_EMPTY_BODY = YES;
				CLANG_WARN_ENUM_CONVERSION = YES;
				CLANG_WARN_INT_CONVERSION = YES;
				CLANG_WARN_OBJC_ROOT_CLASS = YES_ERROR;
				CLANG_WARN_UNREACHABLE_CODE = YES;
				CLANG_WARN__DUPLICATE_METHOD_MATCH = YES;
				COPY_PHASE_STRIP = NO;
				ENABLE_STRICT_OBJC_MSGSEND = YES;
				GCC_C_LANGUAGE_STANDARD = gnu99;
				GCC_DYNAMIC_NO_PIC = NO;
				GCC_OPTIMIZATION_LEVEL = 0;
				GCC_PREPROCESSOR_DEFINITIONS = (
					"DEBUG=1",
					"$(inherited)",
				);
				GCC_SYMBOLS_PRIVATE_EXTERN = NO;
				GCC_WARN_64_TO_32_BIT_CONVERSION = YES;
				GCC_WARN_ABOUT_RETURN_TYPE = YES_ERROR;
				GCC_WARN_UNDECLARED_SELECTOR = YES;
				GCC_WARN_UNINITIALIZED_AUTOS = YES_AGGRESSIVE;
				GCC_WARN_UNUSED_FUNCTION = YES;
				GCC_WARN_UNUSED_VARIABLE = YES;
				MACOSX_DEPLOYMENT_TARGET = 10.10;
				MTL_ENABLE_DEBUG_INFO = YES;
				ONLY_ACTIVE_ARCH = YES;
				SDKROOT = macosx;
			};
			name = Debug;
		};
		2B756AD419B73EC800683407 /* Release */ = {
			isa = XCBuildConfiguration;
			buildSettings = {
				ALWAYS_SEARCH_USER_PATHS = NO;
				CLANG_CXX_LANGUAGE_STANDARD = "gnu++0x";
				CLANG_CXX_LIBRARY = "libc++";
				CLANG_ENABLE_MODULES = YES;
				CLANG_ENABLE_OBJC_ARC = YES;
				CLANG_WARN_BOOL_CONVERSION = YES;
				CLANG_WARN_CONSTANT_CONVERSION = YES;
				CLANG_WARN_DIRECT_OBJC_ISA_USAGE = YES_ERROR;
				CLANG_WARN_EMPTY_BODY = YES;
				CLANG_WARN_ENUM_CONVERSION = YES;
				CLANG_WARN_INT_CONVERSION = YES;
				CLANG_WARN_OBJC_ROOT_CLASS = YES_ERROR;
				CLANG_WARN_UNREACHABLE_CODE = YES;
				CLANG_WARN__DUPLICATE_METHOD_MATCH = YES;
				COPY_PHASE_STRIP = YES;
				DEBUG_INFORMATION_FORMAT = "dwarf-with-dsym";
				ENABLE_NS_ASSERTIONS = NO;
				ENABLE_STRICT_OBJC_MSGSEND = YES;
				GCC_C_LANGUAGE_STANDARD = gnu99;
				GCC_WARN_64_TO_32_BIT_CONVERSION = YES;
				GCC_WARN_ABOUT_RETURN_TYPE = YES_ERROR;
				GCC_WARN_UNDECLARED_SELECTOR = YES;
				GCC_WARN_UNINITIALIZED_AUTOS = YES_AGGRESSIVE;
				GCC_WARN_UNUSED_FUNCTION = YES;
				GCC_WARN_UNUSED_VARIABLE = YES;
				MACOSX_DEPLOYMENT_TARGET = 10.10;
				MTL_ENABLE_DEBUG_INFO = NO;
				SDKROOT = macosx;
			};
			name = Release;
		};
		2B756AD619B73EC800683407 /* Debug */ = {
			isa = XCBuildConfiguration;
			buildSettings = {
				ALWAYS_SEARCH_USER_PATHS = YES;
				COMBINE_HIDPI_IMAGES = YES;
				INFOPLIST_FILE = OMESpotlightImporter/Info.plist;
				INSTALL_PATH = "@executable_path/../Contents/Library/Spotlight";
				LIBRARY_STYLE = BUNDLE;
				PRODUCT_NAME = "$(TARGET_NAME)";
				SKIP_INSTALL = YES;
				WRAPPER_EXTENSION = mdimporter;
			};
			name = Debug;
		};
		2B756AD719B73EC800683407 /* Release */ = {
			isa = XCBuildConfiguration;
			buildSettings = {
				ALWAYS_SEARCH_USER_PATHS = YES;
				COMBINE_HIDPI_IMAGES = YES;
				INFOPLIST_FILE = OMESpotlightImporter/Info.plist;
				INSTALL_PATH = "@executable_path/../Contents/Library/Spotlight";
				LIBRARY_STYLE = BUNDLE;
				PRODUCT_NAME = "$(TARGET_NAME)";
				SKIP_INSTALL = YES;
				WRAPPER_EXTENSION = mdimporter;
			};
			name = Release;
		};
/* End XCBuildConfiguration section */

/* Begin XCConfigurationList section */
		2B756AC119B73EC800683407 /* Build configuration list for PBXProject "OMESpotlightImporter" */ = {
			isa = XCConfigurationList;
			buildConfigurations = (
				2B756AD319B73EC800683407 /* Debug */,
				2B756AD419B73EC800683407 /* Release */,
			);
			defaultConfigurationIsVisible = 0;
			defaultConfigurationName = Release;
		};
		2B756AD519B73EC800683407 /* Build configuration list for PBXNativeTarget "OMESpotlightImporter" */ = {
			isa = XCConfigurationList;
			buildConfigurations = (
				2B756AD619B73EC800683407 /* Debug */,
				2B756AD719B73EC800683407 /* Release */,
			);
			defaultConfigurationIsVisible = 0;
		};
/* End XCConfigurationList section */
	};
	rootObject = 2B756ABE19B73EC800683407 /* Project object */;
}
